dependencies:
- name: kube-prometheus-stack
  repository: https://prometheus-community.github.io/helm-charts
  version: 59.1.0
- name: loki
  repository: https://grafana.github.io/helm-charts
  version: 7.3.0
- name: alloy
  repository: https://grafana.github.io/helm-charts
  version: 1.12.1
digest: sha256:02ac2246c77c775122ba5bc7ef8e94692d0326fd3decb6534188da570d1696f3
generated: "2026-08-30T01:02:56.761673842-03:00"
